
Microsoft Visual Studio Solution File, Format Version 12.00
# Visual Studio Version 16
VisualStudioVersion = 16.0.31321.278
MinimumVisualStudioVersion = 10.0.40219.1
Project("{FAE04EC0-301F-11D3-BF4B-00C04F79EFBC}") = "server", "server\server.csproj", "{122F2737-9E2C-4653-A48D-55733CB2EF26}"
EndProject
Project("{FAE04EC0-301F-11D3-BF4B-00C04F79EFBC}") = "GUI_Client", "GUI_Client\GUI_Client.csproj", "{5BAF8103-4FC6-4C45-A711-20E6A548EE2F}"
EndProject
Global
	GlobalSection(SolutionConfigurationPlatforms) = preSolution
		Debug|Any CPU = Debug|Any CPU
		Release|Any CPU = Release|Any CPU
	EndGlobalSection
	GlobalSection(ProjectConfigurationPlatforms) = postSolution
		{122F2737-9E2C-4653-A48D-55733CB2EF26}.Debug|Any CPU.ActiveCfg = Debug|Any CPU
		{122F2737-9E2C-4653-A48D-55733CB2EF26}.Debug|Any CPU.Build.0 = Debug|Any CPU
		{122F2737-9E2C-4653-A48D-55733CB2EF26}.Release|Any CPU.ActiveCfg = Release|Any CPU
		{122F2737-9E2C-4653-A48D-55733CB2EF26}.Release|Any CPU.Build.0 = Release|Any CPU
		{5BAF8103-4FC6-4C45-A711-20E6A548EE2F}.Debug|Any CPU.ActiveCfg = Debug|Any CPU
		{5BAF8103-4FC6-4C45-A711-20E6A548EE2F}.Debug|Any CPU.Build.0 = Debug|Any CPU
		{5BAF8103-4FC6-4C45-A711-20E6A548EE2F}.Release|Any CPU.ActiveCfg = Release|Any CPU
		{5BAF8103-4FC6-4C45-A711-20E6A548EE2F}.Release|Any CPU.Build.0 = Release|Any CPU
	EndGlobalSection
	GlobalSection(SolutionProperties) = preSolution
		HideSolutionNode = FALSE
	EndGlobalSection
	GlobalSection(ExtensibilityGlobals) = postSolution
		SolutionGuid = {A10EED03-EE20-41C1-8D14-135D5D55FE6B}
	EndGlobalSection
EndGlobal
